// !$*UTF8*$!
{
	archiveVersion = 1;
	classes = {
	};
	objectVersion = 46;
	objects = {

/* Begin PBXBuildFile section */
		62C8CE041E7228DA002C235A /* main.m in Sources */ = {isa = PBXBuildFile; fileRef = 62C8CE031E7228DA002C235A /* main.m */; };
		62C8CE071E7228DA002C235A /* AppDelegate.m in Sources */ = {isa = PBXBuildFile; fileRef = 62C8CE061E7228DA002C235A /* AppDelegate.m */; };
		62C8CE0A1E7228DA002C235A /* MasterViewController.m in Sources */ = {isa = PBXBuildFile; fileRef = 62C8CE091E7228DA002C235A /* MasterViewController.m */; };
		62C8CE0D1E7228DA002C235A /* DetailViewController.m in Sources */ = {isa = PBXBuildFile; fileRef = 62C8CE0C1E7228DA002C235A /* DetailViewController.m */; };
		62C8CE101E7228DA002C235A /* Main.storyboard in Resources */ = {isa = PBXBuildFile; fileRef = 62C8CE0E1E7228DA002C235A /* Main.storyboard */; };
		62C8CE121E7228DA002C235A /* Assets.xcassets in Resources */ = {isa = PBXBuildFile; fileRef = 62C8CE111E7228DA002C235A /* Assets.xcassets */; };
		62C8CE151E7228DA002C235A /* LaunchScreen.storyboard in Resources */ = {isa = PBXBuildFile; fileRef = 62C8CE131E7228DA002C235A /* LaunchScreen.storyboard */; };
		62C8CE1D1E722E0D002C235A /* ceo.plist in Resources */ = {isa = PBXBuildFile; fileRef = 62C8CE1C1E722E0D002C235A /* ceo.plist */; };
		62C8CE231E737BD7002C235A /* bill_gates.jpg in Resources */ = {isa = PBXBuildFile; fileRef = 62C8CE1E1E737BD7002C235A /* bill_gates.jpg */; };
		62C8CE241E737BD7002C235A /* jack_ma.jpg in Resources */ = {isa = PBXBuildFile; fileRef = 62C8CE1F1E737BD7002C235A /* jack_ma.jpg */; };
		62C8CE251E737BD7002C235A /* mark_zuckerberg.jpg in Resources */ = {isa = PBXBuildFile; fileRef = 62C8CE201E737BD7002C235A /* mark_zuckerberg.jpg */; };
		62C8CE261E737BD7002C235A /* steve_jobs.jpg in Resources */ = {isa = PBXBuildFile; fileRef = 62C8CE211E737BD7002C235A /* steve_jobs.jpg */; };
		62C8CE291E7383B4002C235A /* warren_buffett.jpg in Resources */ = {isa = PBXBuildFile; fileRef = 62C8CE281E7383B4002C235A /* warren_buffett.jpg */; };
/* End PBXBuildFile section */

/* Begin PBXFileReference section */
		62C8CDFF1E7228DA002C235A /* Demo-MasterDetailApp.app */ = {isa = PBXFileReference; explicitFileType = wrapper.application; includeInIndex = 0; path = "Demo-MasterDetailApp.app"; sourceTree = BUILT_PRODUCTS_DIR; };
		62C8CE031E7228DA002C235A /* main.m */ = {isa = PBXFileReference; lastKnownFileType = sourcecode.c.objc; path = main.m; sourceTree = "<group>"; };
		62C8CE051E7228DA002C235A /* AppDelegate.h */ = {isa = PBXFileReference; lastKnownFileType = sourcecode.c.h; path = AppDelegate.h; sourceTree = "<group>"; };
		62C8CE061E7228DA002C235A /* AppDelegate.m */ = {isa = PBXFileReference; lastKnownFileType = sourcecode.c.objc; path = AppDelegate.m; sourceTree = "<group>"; };
		62C8CE081E7228DA002C235A /* MasterViewController.h */ = {isa = PBXFileReference; lastKnownFileType = sourcecode.c.h; path = MasterViewController.h; sourceTree = "<group>"; };
		62C8CE091E7228DA002C235A /* MasterViewController.m */ = {isa = PBXFileReference; lastKnownFileType = sourcecode.c.objc; path = MasterViewController.m; sourceTree = "<group>"; };
		62C8CE0B1E7228DA002C235A /* DetailViewController.h */ = {isa = PBXFileReference; lastKnownFileType = sourcecode.c.h; path = DetailViewController.h; sourceTree = "<group>"; };
		62C8CE0C1E7228DA002C235A /* DetailViewController.m */ = {isa = PBXFileReference; lastKnownFileType = sourcecode.c.objc; path = DetailViewController.m; sourceTree = "<group>"; };
		62C8CE0F1E7228DA002C235A /* Base */ = {isa = PBXFileReference; lastKnownFileType = file.storyboard; name = Base; path = Base.lproj/Main.storyboard; sourceTree = "<group>"; };
		62C8CE111E7228DA002C235A /* Assets.xcassets */ = {isa = PBXFileReference; lastKnownFileType = folder.assetcatalog; path = Assets.xcassets; sourceTree = "<group>"; };
		62C8CE141E7228DA002C235A /* Base */ = {isa = PBXFileReference; lastKnownFileType = file.storyboard; name = Base; path = Base.lproj/LaunchScreen.storyboard; sourceTree = "<group>"; };
		62C8CE161E7228DA002C235A /* Info.plist */ = {isa = PBXFileReference; lastKnownFileType = text.plist.xml; path = Info.plist; sourceTree = "<group>"; };
		62C8CE1C1E722E0D002C235A /* ceo.plist */ = {isa = PBXFileReference; fileEncoding = 4; lastKnownFileType = text.plist.xml; path = ceo.plist; sourceTree = "<group>"; };
		62C8CE1E1E737BD7002C235A /* bill_gates.jpg */ = {isa = PBXFileReference; lastKnownFileType = image.jpeg; name = bill_gates.jpg; path = ../../../../../Pictures/CEO/bill_gates.jpg; sourceTree = "<group>"; };
		62C8CE1F1E737BD7002C235A /* jack_ma.jpg */ = {isa = PBXFileReference; lastKnownFileType = image.jpeg; name = jack_ma.jpg; path = ../../../../../Pictures/CEO/jack_ma.jpg; sourceTree = "<group>"; };
		62C8CE201E737BD7002C235A /* mark_zuckerberg.jpg */ = {isa = PBXFileReference; lastKnownFileType = image.jpeg; name = mark_zuckerberg.jpg; path = ../../../../../Pictures/CEO/mark_zuckerberg.jpg; sourceTree = "<group>"; };
		62C8CE211E737BD7002C235A /* steve_jobs.jpg */ = {isa = PBXFileReference; lastKnownFileType = image.jpeg; name = steve_jobs.jpg; path = ../../../../../Pictures/CEO/steve_jobs.jpg; sourceTree = "<group>"; };
		62C8CE281E7383B4002C235A /* warren_buffett.jpg */ = {isa = PBXFileReference; lastKnownFileType = image.jpeg; name = warren_buffett.jpg; path = ../../../../../Pictures/CEO/warren_buffett.jpg; sourceTree = "<group>"; };
/* End PBXFileReference section */

/* Begin PBXFrameworksBuildPhase section */
		62C8CDFC1E7228D9002C235A /* Frameworks */ = {
			isa = PBXFrameworksBuildPhase;
			buildActionMask = 2147483647;
			files = (
			);
			runOnlyForDeploymentPostprocessing = 0;
		};
/* End PBXFrameworksBuildPhase section */

/* Begin PBXGroup section */
		62C8CDF61E7228D9002C235A = {
			isa = PBXGroup;
			children = (
				62C8CE011E7228DA002C235A /* Demo-MasterDetailApp */,
				62C8CE001E7228DA002C235A /* Products */,
			);
			sourceTree = "<group>";
		};
		62C8CE001E7228DA002C235A /* Products */ = {
			isa = PBXGroup;
			children = (
				62C8CDFF1E7228DA002C235A /* Demo-MasterDetailApp.app */,
			);
			name = Products;
			sourceTree = "<group>";
		};
		62C8CE011E7228DA002C235A /* Demo-MasterDetailApp */ = {
			isa = PBXGroup;
			children = (
				62C8CE051E7228DA002C235A /* AppDelegate.h */,
				62C8CE061E7228DA002C235A /* AppDelegate.m */,
				62C8CE081E7228DA002C235A /* MasterViewController.h */,
				62C8CE091E7228DA002C235A /* MasterViewController.m */,
				62C8CE0B1E7228DA002C235A /* DetailViewController.h */,
				62C8CE0C1E7228DA002C235A /* DetailViewController.m */,
				62C8CE0E1E7228DA002C235A /* Main.storyboard */,
				62C8CE111E7228DA002C235A /* Assets.xcassets */,
				62C8CE131E7228DA002C235A /* LaunchScreen.storyboard */,
				62C8CE161E7228DA002C235A /* Info.plist */,
				62C8CE021E7228DA002C235A /* Supporting Files */,
			);
			path = "Demo-MasterDetailApp";
			sourceTree = "<group>";
		};
		62C8CE021E7228DA002C235A /* Supporting Files */ = {
			isa = PBXGroup;
			children = (
				62C8CE281E7383B4002C235A /* warren_buffett.jpg */,
				62C8CE1E1E737BD7002C235A /* bill_gates.jpg */,
				62C8CE1F1E737BD7002C235A /* jack_ma.jpg */,
				62C8CE201E737BD7002C235A /* mark_zuckerberg.jpg */,
				62C8CE211E737BD7002C235A /* steve_jobs.jpg */,
				62C8CE031E7228DA002C235A /* main.m */,
				62C8CE1C1E722E0D002C235A /* ceo.plist */,
			);
			name = "Supporting Files";
			sourceTree = "<group>";
		};
/* End PBXGroup section */

/* Begin PBXNativeTarget section */
		62C8CDFE1E7228D9002C235A /* Demo-MasterDetailApp */ = {
			isa = PBXNativeTarget;
			buildConfigurationList = 62C8CE191E7228DA002C235A /* Build configuration list for PBXNativeTarget "Demo-MasterDetailApp" */;
			buildPhases = (
				62C8CDFB1E7228D9002C235A /* Sources */,
				62C8CDFC1E7228D9002C235A /* Frameworks */,
				62C8CDFD1E7228D9002C235A /* Resources */,
			);
			buildRules = (
			);
			dependencies = (
			);
			name = "Demo-MasterDetailApp";
			productName = "Demo-MasterDetailApp";
			productReference = 62C8CDFF1E7228DA002C235A /* Demo-MasterDetailApp.app */;
			productType = "com.apple.product-type.application";
		};
/* End PBXNativeTarget section */

/* Begin PBXProject section */
		62C8CDF71E7228D9002C235A /* Project object */ = {
			isa = PBXProject;
			attributes = {
				LastUpgradeCheck = 0820;
				ORGANIZATIONNAME = tmtuan;
				TargetAttributes = {
					62C8CDFE1E7228D9002C235A = {
						CreatedOnToolsVersion = 8.2.1;
						DevelopmentTeam = KW44X9W383;
						ProvisioningStyle = Automatic;
					};
				};
			};
			buildConfigurationList = 62C8CDFA1E7228D9002C235A /* Build configuration list for PBXProject "Demo-MasterDetailApp" */;
			compatibilityVersion = "Xcode 3.2";
			developmentRegion = English;
			hasScannedForEncodings = 0;
			knownRegions = (
				en,
				Base,
			);
			mainGroup = 62C8CDF61E7228D9002C235A;
			productRefGroup = 62C8CE001E7228DA002C235A /* Products */;
			projectDirPath = "";
			projectRoot = "";
			targets = (
				62C8CDFE1E7228D9002C235A /* Demo-MasterDetailApp */,
			);
		};
/* End PBXProject section */

/* Begin PBXResourcesBuildPhase section */
		62C8CDFD1E7228D9002C235A /* Resources */ = {
			isa = PBXResourcesBuildPhase;
			buildActionMask = 2147483647;
			files = (
				62C8CE151E7228DA002C235A /* LaunchScreen.storyboard in Resources */,
				62C8CE261E737BD7002C235A /* steve_jobs.jpg in Resources */,
				62C8CE121E7228DA002C235A /* Assets.xcassets in Resources */,
				62C8CE291E7383B4002C235A /* warren_buffett.jpg in Resources */,
				62C8CE241E737BD7002C235A /* jack_ma.jpg in Resources */,
				62C8CE1D1E722E0D002C235A /* ceo.plist in Resources */,
				62C8CE251E737BD7002C235A /* mark_zuckerberg.jpg in Resources */,
				62C8CE231E737BD7002C235A /* bill_gates.jpg in Resources */,
				62C8CE101E7228DA002C235A /* Main.storyboard in Resources */,
			);
			runOnlyForDeploymentPostprocessing = 0;
		};
/* End PBXResourcesBuildPhase section */

/* Begin PBXSourcesBuildPhase section */
		62C8CDFB1E7228D9002C235A /* Sources */ = {
			isa = PBXSourcesBuildPhase;
			buildActionMask = 2147483647;
			files = (
				62C8CE071E7228DA002C235A /* AppDelegate.m in Sources */,
				62C8CE0A1E7228DA002C235A /* MasterViewController.m in Sources */,
				62C8CE041E7228DA002C235A /* main.m in Sources */,
				62C8CE0D1E7228DA002C235A /* DetailViewController.m in Sources */,
			);
			runOnlyForDeploymentPostprocessing = 0;
		};
/* End PBXSourcesBuildPhase section */

/* Begin PBXVariantGroup section */
		62C8CE0E1E7228DA002C235A /* Main.storyboard */ = {
			isa = PBXVariantGroup;
			children = (
				62C8CE0F1E7228DA002C235A /* Base */,
			);
			name = Main.storyboard;
			sourceTree = "<group>";
		};
		62C8CE131E7228DA002C235A /* LaunchScreen.storyboard */ = {
			isa = PBXVariantGroup;
			children = (
				62C8CE141E7228DA002C235A /* Base */,
			);
			name = LaunchScreen.storyboard;
			sourceTree = "<group>";
		};
/* End PBXVariantGroup section */

/* Begin XCBuildConfiguration section */
		62C8CE171E7228DA002C235A /* Debug */ = {
			isa = XCBuildConfiguration;
			buildSettings = {
				ALWAYS_SEARCH_USER_PATHS = NO;
				CLANG_ANALYZER_NONNULL = YES;
				CLANG_CXX_LANGUAGE_STANDARD = "gnu++0x";
				CLANG_CXX_LIBRARY = "libc++";
				CLANG_ENABLE_MODULES = YES;
				CLANG_ENABLE_OBJC_ARC = YES;
				CLANG_WARN_BOOL_CONVERSION = YES;
				CLANG_WARN_CONSTANT_CONVERSION = YES;
				CLANG_WARN_DIRECT_OBJC_ISA_USAGE = YES_ERROR;
				CLANG_WARN_DOCUMENTATION_COMMENTS = YES;
				CLANG_WARN_EMPTY_BODY = YES;
				CLANG_WARN_ENUM_CONVERSION = YES;
				CLANG_WARN_INFINITE_RECURSION = YES;
				CLANG_WARN_INT_CONVERSION = YES;
				CLANG_WARN_OBJC_ROOT_CLASS = YES_ERROR;
				CLANG_WARN_SUSPICIOUS_MOVE = YES;
				CLANG_WARN_UNREACHABLE_CODE = YES;
				CLANG_WARN__DUPLICATE_METHOD_MATCH = YES;
				"CODE_SIGN_IDENTITY[sdk=iphoneos*]" = "iPhone Developer";
				COPY_PHASE_STRIP = NO;
				DEBUG_INFORMATION_FORMAT = dwarf;
				ENABLE_STRICT_OBJC_MSGSEND = YES;
				ENABLE_TESTABILITY = YES;
				GCC_C_LANGUAGE_STANDARD = gnu99;
				GCC_DYNAMIC_NO_PIC = NO;
				GCC_NO_COMMON_BLOCKS = YES;
				GCC_OPTIMIZATION_LEVEL = 0;
				GCC_PREPROCESSOR_DEFINITIONS = (
					"DEBUG=1",
					"$(inherited)",
				);
				GCC_WARN_64_TO_32_BIT_CONVERSION = YES;
				GCC_WARN_ABOUT_RETURN_TYPE = YES_ERROR;
				GCC_WARN_UNDECLARED_SELECTOR = YES;
				GCC_WARN_UNINITIALIZED_AUTOS = YES_AGGRESSIVE;
				GCC_WARN_UNUSED_FUNCTION = YES;
				GCC_WARN_UNUSED_VARIABLE = YES;
				IPHONEOS_DEPLOYMENT_TARGET = 10.2;
				MTL_ENABLE_DEBUG_INFO = YES;
				ONLY_ACTIVE_ARCH = YES;
				SDKROOT = iphoneos;
			};
			name = Debug;
		};
		62C8CE181E7228DA002C235A /* Release */ = {
			isa = XCBuildConfiguration;
			buildSettings = {
				ALWAYS_SEARCH_USER_PATHS = NO;
				CLANG_ANALYZER_NONNULL = YES;
				CLANG_CXX_LANGUAGE_STANDARD = "gnu++0x";
				CLANG_CXX_LIBRARY = "libc++";
				CLANG_ENABLE_MODULES = YES;
				CLANG_ENABLE_OBJC_ARC = YES;
				CLANG_WARN_BOOL_CONVERSION = YES;
				CLANG_WARN_CONSTANT_CONVERSION = YES;
				CLANG_WARN_DIRECT_OBJC_ISA_USAGE = YES_ERROR;
				CLANG_WARN_DOCUMENTATION_COMMENTS = YES;
				CLANG_WARN_EMPTY_BODY = YES;
				CLANG_WARN_ENUM_CONVERSION = YES;
				CLANG_WARN_INFINITE_RECURSION = YES;
				CLANG_WARN_INT_CONVERSION = YES;
				CLANG_WARN_OBJC_ROOT_CLASS = YES_ERROR;
				CLANG_WARN_SUSPICIOUS_MOVE = YES;
				CLANG_WARN_UNREACHABLE_CODE = YES;
				CLANG_WARN__DUPLICATE_METHOD_MATCH = YES;
				"CODE_SIGN_IDENTITY[sdk=iphoneos*]" = "iPhone Developer";
				COPY_PHASE_STRIP = NO;
				DEBUG_INFORMATION_FORMAT = "dwarf-with-dsym";
				ENABLE_NS_ASSERTIONS = NO;
				ENABLE_STRICT_OBJC_MSGSEND = YES;
				GCC_C_LANGUAGE_STANDARD = gnu99;
				GCC_NO_COMMON_BLOCKS = YES;
				GCC_WARN_64_TO_32_BIT_CONVERSION = YES;
				GCC_WARN_ABOUT_RETURN_TYPE = YES_ERROR;
				GCC_WARN_UNDECLARED_SELECTOR = YES;
				GCC_WARN_UNINITIALIZED_AUTOS = YES_AGGRESSIVE;
				GCC_WARN_UNUSED_FUNCTION = YES;
				GCC_WARN_UNUSED_VARIABLE = YES;
				IPHONEOS_DEPLOYMENT_TARGET = 10.2;
				MTL_ENABLE_DEBUG_INFO = NO;
				SDKROOT = iphoneos;
				VALIDATE_PRODUCT = YES;
			};
			name = Release;
		};
		62C8CE1A1E7228DA002C235A /* Debug */ = {
			isa = XCBuildConfiguration;
			buildSettings = {
				ASSETCATALOG_COMPILER_APPICON_NAME = AppIcon;
				DEVELOPMENT_TEAM = KW44X9W383;
				INFOPLIST_FILE = "Demo-MasterDetailApp/Info.plist";
				LD_RUNPATH_SEARCH_PATHS = "$(inherited) @executable_path/Frameworks";
				PRODUCT_BUNDLE_IDENTIFIER = "com.tmtuan.Demo-MasterDetailApp";
				PRODUCT_NAME = "$(TARGET_NAME)";
			};
			name = Debug;
		};
		62C8CE1B1E7228DA002C235A /* Release */ = {
			isa = XCBuildConfiguration;
			buildSettings = {
				ASSETCATALOG_COMPILER_APPICON_NAME = AppIcon;
				DEVELOPMENT_TEAM = KW44X9W383;
				INFOPLIST_FILE = "Demo-MasterDetailApp/Info.plist";
				LD_RUNPATH_SEARCH_PATHS = "$(inherited) @executable_path/Frameworks";
				PRODUCT_BUNDLE_IDENTIFIER = "com.tmtuan.Demo-MasterDetailApp";
				PRODUCT_NAME = "$(TARGET_NAME)";
			};
			name = Release;
		};
/* End XCBuildConfiguration section */

/* Begin XCConfigurationList section */
		62C8CDFA1E7228D9002C235A /* Build configuration list for PBXProject "Demo-MasterDetailApp" */ = {
			isa = XCConfigurationList;
			buildConfigurations = (
				62C8CE171E7228DA002C235A /* Debug */,
				62C8CE181E7228DA002C235A /* Release */,
			);
			defaultConfigurationIsVisible = 0;
			defaultConfigurationName = Release;
		};
		62C8CE191E7228DA002C235A /* Build configuration list for PBXNativeTarget "Demo-MasterDetailApp" */ = {
			isa = XCConfigurationList;
			buildConfigurations = (
				62C8CE1A1E7228DA002C235A /* Debug */,
				62C8CE1B1E7228DA002C235A /* Release */,
			);
			defaultConfigurationIsVisible = 0;
		};
/* End XCConfigurationList section */
	};
	rootObject = 62C8CDF71E7228D9002C235A /* Project object */;
}
